
Microsoft Visual Studio Solution File, Format Version 12.00
# Visual Studio Version 17
VisualStudioVersion = 17.9.34607.119
MinimumVisualStudioVersion = 10.0.40219.1
Project("{9A19103F-16F7-4668-BE54-9A1E7A4F7556}") = "MOTChecker", "MOTChecker.csproj", "{CA7C15D2-B8AF-4D6D-AA31-79BFDA4C53B8}"
EndProject
Global
	GlobalSection(SolutionConfigurationPlatforms) = preSolution
		Debug|Any CPU = Debug|Any CPU
		Release|Any CPU = Release|Any CPU
	EndGlobalSection
	GlobalSection(ProjectConfigurationPlatforms) = postSolution
		{CA7C15D2-B8AF-4D6D-AA31-79BFDA4C53B8}.Debug|Any CPU.ActiveCfg = Debug|Any CPU
		{CA7C15D2-B8AF-4D6D-AA31-79BFDA4C53B8}.Debug|Any CPU.Build.0 = Debug|Any CPU
		{CA7C15D2-B8AF-4D6D-AA31-79BFDA4C53B8}.Release|Any CPU.ActiveCfg = Release|Any CPU
		{CA7C15D2-B8AF-4D6D-AA31-79BFDA4C53B8}.Release|Any CPU.Build.0 = Release|Any CPU
	EndGlobalSection
	GlobalSection(SolutionProperties) = preSolution
		HideSolutionNode = FALSE
	EndGlobalSection
	GlobalSection(ExtensibilityGlobals) = postSolution
		SolutionGuid = {51C2DD3C-BE29-4F7D-9C38-5CEE69DF8223}
	EndGlobalSection
EndGlobal
